{
    "version": 3,
    "terraform_version": "0.11.2",
    "serial": 7,
    "lineage": "d881baa6-366e-4750-9fa7-c97a25379762",
    "modules": [
        {
            "path": [
                "root"
            ],
            "outputs": {},
            "resources": {},
            "depends_on": []
        },
        {
            "path": [
                "root",
                "people"
            ],
            "outputs": {},
            "resources": {
                "github_membership.KevinPradeau": {
                    "type": "github_membership",
                    "depends_on": [],
                    "primary": {
                        "id": "SofteamOuest:KevinPradeau",
                        "attributes": {
                            "id": "SofteamOuest:KevinPradeau",
                            "role": "member",
                            "username": "KevinPradeau"
                        },
                        "meta": {},
                        "tainted": false
                    },
                    "deposed": [],
                    "provider": "provider.github"
                },
                "github_membership.Maeevick": {
                    "type": "github_membership",
                    "depends_on": [],
                    "primary": {
                        "id": "SofteamOuest:Maeevick",
                        "attributes": {
                            "id": "SofteamOuest:Maeevick",
                            "role": "admin",
                            "username": "Maeevick"
                        },
                        "meta": {},
                        "tainted": false
                    },
                    "deposed": [],
                    "provider": "provider.github"
                },
                "github_membership.alexthomazo": {
                    "type": "github_membership",
                    "depends_on": [],
                    "primary": {
                        "id": "SofteamOuest:alexthomazo",
                        "attributes": {
                            "id": "SofteamOuest:alexthomazo",
                            "role": "admin",
                            "username": "alexthomazo"
                        },
                        "meta": {},
                        "tainted": false
                    },
                    "deposed": [],
                    "provider": "provider.github"
                },
                "github_membership.apesme": {
                    "type": "github_membership",
                    "depends_on": [],
                    "primary": {
                        "id": "SofteamOuest:apesme",
                        "attributes": {
                            "id": "SofteamOuest:apesme",
                            "role": "admin",
                            "username": "apesme"
                        },
                        "meta": {},
                        "tainted": false
                    },
                    "deposed": [],
                    "provider": "provider.github"
                },
                "github_membership.elkouhen": {
                    "type": "github_membership",
                    "depends_on": [],
                    "primary": {
                        "id": "SofteamOuest:elkouhen",
                        "attributes": {
                            "id": "SofteamOuest:elkouhen",
                            "role": "admin",
                            "username": "elkouhen"
                        },
                        "meta": {},
                        "tainted": false
                    },
                    "deposed": [],
                    "provider": "provider.github"
                },
                "github_membership.ograton": {
                    "type": "github_membership",
                    "depends_on": [],
                    "primary": {
                        "id": "SofteamOuest:ograton",
                        "attributes": {
                            "id": "SofteamOuest:ograton",
                            "role": "admin",
                            "username": "ograton"
                        },
                        "meta": {},
                        "tainted": false
                    },
                    "deposed": [],
                    "provider": "provider.github"
                },
                "github_membership.rlopessilva": {
                    "type": "github_membership",
                    "depends_on": [],
                    "primary": {
                        "id": "SofteamOuest:rlopessilva",
                        "attributes": {
                            "id": "SofteamOuest:rlopessilva",
                            "role": "admin",
                            "username": "rlopessilva"
                        },
                        "meta": {},
                        "tainted": false
                    },
                    "deposed": [],
                    "provider": "provider.github"
                },
                "github_membership.slegalludec": {
                    "type": "github_membership",
                    "depends_on": [],
                    "primary": {
                        "id": "SofteamOuest:slegalludec",
                        "attributes": {
                            "id": "SofteamOuest:slegalludec",
                            "role": "admin",
                            "username": "slegalludec"
                        },
                        "meta": {},
                        "tainted": false
                    },
                    "deposed": [],
                    "provider": "provider.github"
                },
                "github_membership.thibaultgonce": {
                    "type": "github_membership",
                    "depends_on": [],
                    "primary": {
                        "id": "SofteamOuest:thibaultgonce",
                        "attributes": {
                            "id": "SofteamOuest:thibaultgonce",
                            "role": "admin",
                            "username": "thibaultgonce"
                        },
                        "meta": {},
                        "tainted": false
                    },
                    "deposed": [],
                    "provider": "provider.github"
                },
                "github_membership.victorsalaun": {
                    "type": "github_membership",
                    "depends_on": [],
                    "primary": {
                        "id": "SofteamOuest:victorsalaun",
                        "attributes": {
                            "id": "SofteamOuest:victorsalaun",
                            "role": "admin",
                            "username": "victorsalaun"
                        },
                        "meta": {},
                        "tainted": false
                    },
                    "deposed": [],
                    "provider": "provider.github"
                },
                "github_membership.yvzn": {
                    "type": "github_membership",
                    "depends_on": [],
                    "primary": {
                        "id": "SofteamOuest:yvzn",
                        "attributes": {
                            "id": "SofteamOuest:yvzn",
                            "role": "admin",
                            "username": "yvzn"
                        },
                        "meta": {},
                        "tainted": false
                    },
                    "deposed": [],
                    "provider": "provider.github"
                }
            },
            "depends_on": []
        },
        {
            "path": [
                "root",
                "repositories"
            ],
            "outputs": {},
            "resources": {
                "github_branch_protection.softeamouest-terraform-github-organization_master": {
                    "type": "github_branch_protection",
                    "depends_on": [],
                    "primary": {
                        "id": "softeamouest-terraform-github-organization:master",
                        "attributes": {
                            "branch": "master",
                            "enforce_admins": "true",
                            "id": "softeamouest-terraform-github-organization:master",
                            "repository": "softeamouest-terraform-github-organization",
                            "required_pull_request_reviews.#": "0",
                            "required_status_checks.#": "0",
                            "restrictions.#": "0"
                        },
                        "meta": {},
                        "tainted": false
                    },
                    "deposed": [],
                    "provider": "provider.github"
                },
                "github_repository.softeamouest-terraform-github-organization": {
                    "type": "github_repository",
                    "depends_on": [],
                    "primary": {
                        "id": "softeamouest-terraform-github-organization",
                        "attributes": {
                            "allow_merge_commit": "true",
                            "allow_rebase_merge": "true",
                            "allow_squash_merge": "true",
                            "default_branch": "master",
                            "description": "For managing SofteamOuest Github Organization",
                            "full_name": "SofteamOuest/softeamouest-terraform-github-organization",
                            "git_clone_url": "git://github.com/SofteamOuest/softeamouest-terraform-github-organization.git",
                            "has_downloads": "false",
                            "has_issues": "false",
                            "has_wiki": "false",
                            "homepage_url": "",
                            "http_clone_url": "https://github.com/SofteamOuest/softeamouest-terraform-github-organization.git",
                            "id": "softeamouest-terraform-github-organization",
                            "name": "softeamouest-terraform-github-organization",
                            "private": "false",
                            "ssh_clone_url": "git@github.com:SofteamOuest/softeamouest-terraform-github-organization.git",
                            "svn_url": "https://github.com/SofteamOuest/softeamouest-terraform-github-organization"
                        },
                        "meta": {},
                        "tainted": false
                    },
                    "deposed": [],
                    "provider": "provider.github"
                }
            },
            "depends_on": []
        }
    ]
}
